
Microsoft Visual Studio Solution File, Format Version 11.00
# Visual Studio 2010
Project("{FAE04EC0-301F-11D3-BF4B-00C04F79EFBC}") = "UnityEngine.TestRunner", "UnityEngine.TestRunner.csproj", "{6b1ba6c1-3ab7-6485-4518-ff617b5bf3a1}"
EndProject
Project("{FAE04EC0-301F-11D3-BF4B-00C04F79EFBC}") = "Unity.2D.Animation.Triangle.Runtime", "Unity.2D.Animation.Triangle.Runtime.csproj", "{d62ad3cc-6171-5bf5-aeaa-8cf5dce9bf31}"
EndProject
Project("{FAE04EC0-301F-11D3-BF4B-00C04F79EFBC}") = "UnityEngine.UI", "UnityEngine.UI.csproj", "{46d203e5-cccd-67a5-d598-95665ce7fdac}"
EndProject
Project("{FAE04EC0-301F-11D3-BF4B-00C04F79EFBC}") = "Unity.TextMeshPro", "Unity.TextMeshPro.csproj", "{5a260a31-71fd-f837-ade5-fa4883849a45}"
EndProject
Project("{FAE04EC0-301F-11D3-BF4B-00C04F79EFBC}") = "Unity.2D.Animation.Runtime", "Unity.2D.Animation.Runtime.csproj", "{197c25ad-48aa-191c-2e17-88aaab4ee96b}"
EndProject
Project("{FAE04EC0-301F-11D3-BF4B-00C04F79EFBC}") = "Unity.Timeline", "Unity.Timeline.csproj", "{b29cebfc-2e9b-266f-ab18-2fcd3e20807b}"
EndProject
Project("{FAE04EC0-301F-11D3-BF4B-00C04F79EFBC}") = "Unity.Mathematics", "Unity.Mathematics.csproj", "{38cf2b6a-db66-ef17-585e-e6b0886a1042}"
EndProject
Project("{FAE04EC0-301F-11D3-BF4B-00C04F79EFBC}") = "Unity.2D.SpriteShape.Runtime", "Unity.2D.SpriteShape.Runtime.csproj", "{6a12c86f-8af6-59dc-c78c-338c6faead02}"
EndProject
Project("{FAE04EC0-301F-11D3-BF4B-00C04F79EFBC}") = "Unity.2D.PixelPerfect", "Unity.2D.PixelPerfect.csproj", "{b00e65ea-77aa-2096-e710-e4c5c37ee2a7}"
EndProject
Project("{FAE04EC0-301F-11D3-BF4B-00C04F79EFBC}") = "Unity.InternalAPIEngineBridge.001", "Unity.InternalAPIEngineBridge.001.csproj", "{1c225bd1-680b-1bc4-3901-7c726034ef8d}"
EndProject
Project("{FAE04EC0-301F-11D3-BF4B-00C04F79EFBC}") = "Unity.2D.Common.Runtime", "Unity.2D.Common.Runtime.csproj", "{584885b8-05bc-fef5-e459-51c384ee15ba}"
EndProject
Project("{FAE04EC0-301F-11D3-BF4B-00C04F79EFBC}") = "Assembly-CSharp", "Assembly-CSharp.csproj", "{fd03ff93-d20a-7ad2-718d-330562cf32b5}"
EndProject
Project("{FAE04EC0-301F-11D3-BF4B-00C04F79EFBC}") = "UnityEditor.TestRunner", "UnityEditor.TestRunner.csproj", "{fda02154-6b50-b467-a4bf-1308cdd2460d}"
EndProject
Project("{FAE04EC0-301F-11D3-BF4B-00C04F79EFBC}") = "Unity.VisualStudio.Editor", "Unity.VisualStudio.Editor.csproj", "{32b6a584-ddae-3f4d-2bb9-760ef10baac8}"
EndProject
Project("{FAE04EC0-301F-11D3-BF4B-00C04F79EFBC}") = "Unity.TextMeshPro.Editor", "Unity.TextMeshPro.Editor.csproj", "{6aa9f79d-a90c-cea3-d846-18231b6f0d1a}"
EndProject
Project("{FAE04EC0-301F-11D3-BF4B-00C04F79EFBC}") = "Unity.Timeline.Editor", "Unity.Timeline.Editor.csproj", "{f2916efc-b380-0356-7388-83fdf2a56e45}"
EndProject
Project("{FAE04EC0-301F-11D3-BF4B-00C04F79EFBC}") = "Unity.PlasticSCM.Editor", "Unity.PlasticSCM.Editor.csproj", "{ea93f297-f2ff-2001-3be0-58996e014d37}"
EndProject
Project("{FAE04EC0-301F-11D3-BF4B-00C04F79EFBC}") = "Unity.2D.Animation.Editor", "Unity.2D.Animation.Editor.csproj", "{212e4e88-c581-3dbf-86fb-afd912c47937}"
EndProject
Project("{FAE04EC0-301F-11D3-BF4B-00C04F79EFBC}") = "Unity.2D.Path.Editor", "Unity.2D.Path.Editor.csproj", "{bb406adf-90f9-4e82-673b-c60380450f73}"
EndProject
Project("{FAE04EC0-301F-11D3-BF4B-00C04F79EFBC}") = "Unity.2D.Sprite.Editor", "Unity.2D.Sprite.Editor.csproj", "{d8ee3c21-ecdc-1bdd-3507-2cedb242973c}"
EndProject
Project("{FAE04EC0-301F-11D3-BF4B-00C04F79EFBC}") = "UnityEditor.UI", "UnityEditor.UI.csproj", "{1949c97e-17bd-321a-4a4b-a4556e3bef0b}"
EndProject
Project("{FAE04EC0-301F-11D3-BF4B-00C04F79EFBC}") = "Unity.Rider.Editor", "Unity.Rider.Editor.csproj", "{97df0fe0-b15b-1d06-a332-ef71565415b5}"
EndProject
Project("{FAE04EC0-301F-11D3-BF4B-00C04F79EFBC}") = "Unity.2D.Tilemap.Editor", "Unity.2D.Tilemap.Editor.csproj", "{1f7c9f0f-a800-2413-dc15-871ce99a533a}"
EndProject
Project("{FAE04EC0-301F-11D3-BF4B-00C04F79EFBC}") = "Unity.2D.SpriteShape.Editor", "Unity.2D.SpriteShape.Editor.csproj", "{a0c71776-826a-5375-5d47-e999febccdca}"
EndProject
Project("{FAE04EC0-301F-11D3-BF4B-00C04F79EFBC}") = "PsdPlugin", "PsdPlugin.csproj", "{ffbc8d29-534e-4236-1ddc-1262f553988a}"
EndProject
Project("{FAE04EC0-301F-11D3-BF4B-00C04F79EFBC}") = "Unity.CollabProxy.Editor", "Unity.CollabProxy.Editor.csproj", "{7c6151e3-f66a-cc3f-e505-fe29031d5839}"
EndProject
Project("{FAE04EC0-301F-11D3-BF4B-00C04F79EFBC}") = "Unity.VSCode.Editor", "Unity.VSCode.Editor.csproj", "{f70bfb7f-03fe-eaf2-ae7c-1e843cbda982}"
EndProject
Project("{FAE04EC0-301F-11D3-BF4B-00C04F79EFBC}") = "Unity.2D.Common.Editor", "Unity.2D.Common.Editor.csproj", "{13f9fdbb-53d1-ab2f-f2f8-9fbe8b0b95e2}"
EndProject
Project("{FAE04EC0-301F-11D3-BF4B-00C04F79EFBC}") = "Unity.2D.Psdimporter.Editor", "Unity.2D.Psdimporter.Editor.csproj", "{fadeb79c-86dc-176f-4c5f-40025b5f9d6d}"
EndProject
Project("{FAE04EC0-301F-11D3-BF4B-00C04F79EFBC}") = "Unity.2D.PixelPerfect.Editor", "Unity.2D.PixelPerfect.Editor.csproj", "{ce3c431e-ba13-5a70-6e1f-36f673b52d5d}"
EndProject
Project("{FAE04EC0-301F-11D3-BF4B-00C04F79EFBC}") = "Unity.Mathematics.Editor", "Unity.Mathematics.Editor.csproj", "{6c4ffd57-c3e5-bcaf-adbf-b2251ef9bf09}"
EndProject
Project("{FAE04EC0-301F-11D3-BF4B-00C04F79EFBC}") = "Unity.InternalAPIEditorBridge.001", "Unity.InternalAPIEditorBridge.001.csproj", "{e68f3143-d0e5-da73-a38a-080ce9fd1dd5}"
EndProject
Project("{FAE04EC0-301F-11D3-BF4B-00C04F79EFBC}") = "Unity.SysrootPackage.Editor", "Unity.SysrootPackage.Editor.csproj", "{17b4da06-580e-95e8-c269-7aa8bc717482}"
EndProject
Project("{FAE04EC0-301F-11D3-BF4B-00C04F79EFBC}") = "Unity.Sysroot.Linux_x86_64", "Unity.Sysroot.Linux_x86_64.csproj", "{1b2a96db-4b81-2717-3bbb-900bdd50cc1f}"
EndProject
Project("{FAE04EC0-301F-11D3-BF4B-00C04F79EFBC}") = "Unity.Toolchain.Linux-x86_64", "Unity.Toolchain.Linux-x86_64.csproj", "{137dd31f-ab51-4814-3cea-9913ba77a738}"
EndProject
Global
	GlobalSection(SolutionConfigurationPlatforms) = preSolution
		Debug|Any CPU = Debug|Any CPU
	EndGlobalSection
	GlobalSection(ProjectConfigurationPlatforms) = postSolution
		{6b1ba6c1-3ab7-6485-4518-ff617b5bf3a1}.Debug|Any CPU.ActiveCfg = Debug|Any CPU
		{6b1ba6c1-3ab7-6485-4518-ff617b5bf3a1}.Debug|Any CPU.Build.0 = Debug|Any CPU
		{d62ad3cc-6171-5bf5-aeaa-8cf5dce9bf31}.Debug|Any CPU.ActiveCfg = Debug|Any CPU
		{d62ad3cc-6171-5bf5-aeaa-8cf5dce9bf31}.Debug|Any CPU.Build.0 = Debug|Any CPU
		{46d203e5-cccd-67a5-d598-95665ce7fdac}.Debug|Any CPU.ActiveCfg = Debug|Any CPU
		{46d203e5-cccd-67a5-d598-95665ce7fdac}.Debug|Any CPU.Build.0 = Debug|Any CPU
		{5a260a31-71fd-f837-ade5-fa4883849a45}.Debug|Any CPU.ActiveCfg = Debug|Any CPU
		{5a260a31-71fd-f837-ade5-fa4883849a45}.Debug|Any CPU.Build.0 = Debug|Any CPU
		{197c25ad-48aa-191c-2e17-88aaab4ee96b}.Debug|Any CPU.ActiveCfg = Debug|Any CPU
		{197c25ad-48aa-191c-2e17-88aaab4ee96b}.Debug|Any CPU.Build.0 = Debug|Any CPU
		{b29cebfc-2e9b-266f-ab18-2fcd3e20807b}.Debug|Any CPU.ActiveCfg = Debug|Any CPU
		{b29cebfc-2e9b-266f-ab18-2fcd3e20807b}.Debug|Any CPU.Build.0 = Debug|Any CPU
		{38cf2b6a-db66-ef17-585e-e6b0886a1042}.Debug|Any CPU.ActiveCfg = Debug|Any CPU
		{38cf2b6a-db66-ef17-585e-e6b0886a1042}.Debug|Any CPU.Build.0 = Debug|Any CPU
		{6a12c86f-8af6-59dc-c78c-338c6faead02}.Debug|Any CPU.ActiveCfg = Debug|Any CPU
		{6a12c86f-8af6-59dc-c78c-338c6faead02}.Debug|Any CPU.Build.0 = Debug|Any CPU
		{b00e65ea-77aa-2096-e710-e4c5c37ee2a7}.Debug|Any CPU.ActiveCfg = Debug|Any CPU
		{b00e65ea-77aa-2096-e710-e4c5c37ee2a7}.Debug|Any CPU.Build.0 = Debug|Any CPU
		{1c225bd1-680b-1bc4-3901-7c726034ef8d}.Debug|Any CPU.ActiveCfg = Debug|Any CPU
		{1c225bd1-680b-1bc4-3901-7c726034ef8d}.Debug|Any CPU.Build.0 = Debug|Any CPU
		{584885b8-05bc-fef5-e459-51c384ee15ba}.Debug|Any CPU.ActiveCfg = Debug|Any CPU
		{584885b8-05bc-fef5-e459-51c384ee15ba}.Debug|Any CPU.Build.0 = Debug|Any CPU
		{fd03ff93-d20a-7ad2-718d-330562cf32b5}.Debug|Any CPU.ActiveCfg = Debug|Any CPU
		{fd03ff93-d20a-7ad2-718d-330562cf32b5}.Debug|Any CPU.Build.0 = Debug|Any CPU
		{fda02154-6b50-b467-a4bf-1308cdd2460d}.Debug|Any CPU.ActiveCfg = Debug|Any CPU
		{fda02154-6b50-b467-a4bf-1308cdd2460d}.Debug|Any CPU.Build.0 = Debug|Any CPU
		{32b6a584-ddae-3f4d-2bb9-760ef10baac8}.Debug|Any CPU.ActiveCfg = Debug|Any CPU
		{32b6a584-ddae-3f4d-2bb9-760ef10baac8}.Debug|Any CPU.Build.0 = Debug|Any CPU
		{6aa9f79d-a90c-cea3-d846-18231b6f0d1a}.Debug|Any CPU.ActiveCfg = Debug|Any CPU
		{6aa9f79d-a90c-cea3-d846-18231b6f0d1a}.Debug|Any CPU.Build.0 = Debug|Any CPU
		{f2916efc-b380-0356-7388-83fdf2a56e45}.Debug|Any CPU.ActiveCfg = Debug|Any CPU
		{f2916efc-b380-0356-7388-83fdf2a56e45}.Debug|Any CPU.Build.0 = Debug|Any CPU
		{ea93f297-f2ff-2001-3be0-58996e014d37}.Debug|Any CPU.ActiveCfg = Debug|Any CPU
		{ea93f297-f2ff-2001-3be0-58996e014d37}.Debug|Any CPU.Build.0 = Debug|Any CPU
		{212e4e88-c581-3dbf-86fb-afd912c47937}.Debug|Any CPU.ActiveCfg = Debug|Any CPU
		{212e4e88-c581-3dbf-86fb-afd912c47937}.Debug|Any CPU.Build.0 = Debug|Any CPU
		{bb406adf-90f9-4e82-673b-c60380450f73}.Debug|Any CPU.ActiveCfg = Debug|Any CPU
		{bb406adf-90f9-4e82-673b-c60380450f73}.Debug|Any CPU.Build.0 = Debug|Any CPU
		{d8ee3c21-ecdc-1bdd-3507-2cedb242973c}.Debug|Any CPU.ActiveCfg = Debug|Any CPU
		{d8ee3c21-ecdc-1bdd-3507-2cedb242973c}.Debug|Any CPU.Build.0 = Debug|Any CPU
		{1949c97e-17bd-321a-4a4b-a4556e3bef0b}.Debug|Any CPU.ActiveCfg = Debug|Any CPU
		{1949c97e-17bd-321a-4a4b-a4556e3bef0b}.Debug|Any CPU.Build.0 = Debug|Any CPU
		{97df0fe0-b15b-1d06-a332-ef71565415b5}.Debug|Any CPU.ActiveCfg = Debug|Any CPU
		{97df0fe0-b15b-1d06-a332-ef71565415b5}.Debug|Any CPU.Build.0 = Debug|Any CPU
		{1f7c9f0f-a800-2413-dc15-871ce99a533a}.Debug|Any CPU.ActiveCfg = Debug|Any CPU
		{1f7c9f0f-a800-2413-dc15-871ce99a533a}.Debug|Any CPU.Build.0 = Debug|Any CPU
		{a0c71776-826a-5375-5d47-e999febccdca}.Debug|Any CPU.ActiveCfg = Debug|Any CPU
		{a0c71776-826a-5375-5d47-e999febccdca}.Debug|Any CPU.Build.0 = Debug|Any CPU
		{ffbc8d29-534e-4236-1ddc-1262f553988a}.Debug|Any CPU.ActiveCfg = Debug|Any CPU
		{ffbc8d29-534e-4236-1ddc-1262f553988a}.Debug|Any CPU.Build.0 = Debug|Any CPU
		{7c6151e3-f66a-cc3f-e505-fe29031d5839}.Debug|Any CPU.ActiveCfg = Debug|Any CPU
		{7c6151e3-f66a-cc3f-e505-fe29031d5839}.Debug|Any CPU.Build.0 = Debug|Any CPU
		{f70bfb7f-03fe-eaf2-ae7c-1e843cbda982}.Debug|Any CPU.ActiveCfg = Debug|Any CPU
		{f70bfb7f-03fe-eaf2-ae7c-1e843cbda982}.Debug|Any CPU.Build.0 = Debug|Any CPU
		{13f9fdbb-53d1-ab2f-f2f8-9fbe8b0b95e2}.Debug|Any CPU.ActiveCfg = Debug|Any CPU
		{13f9fdbb-53d1-ab2f-f2f8-9fbe8b0b95e2}.Debug|Any CPU.Build.0 = Debug|Any CPU
		{fadeb79c-86dc-176f-4c5f-40025b5f9d6d}.Debug|Any CPU.ActiveCfg = Debug|Any CPU
		{fadeb79c-86dc-176f-4c5f-40025b5f9d6d}.Debug|Any CPU.Build.0 = Debug|Any CPU
		{ce3c431e-ba13-5a70-6e1f-36f673b52d5d}.Debug|Any CPU.ActiveCfg = Debug|Any CPU
		{ce3c431e-ba13-5a70-6e1f-36f673b52d5d}.Debug|Any CPU.Build.0 = Debug|Any CPU
		{6c4ffd57-c3e5-bcaf-adbf-b2251ef9bf09}.Debug|Any CPU.ActiveCfg = Debug|Any CPU
		{6c4ffd57-c3e5-bcaf-adbf-b2251ef9bf09}.Debug|Any CPU.Build.0 = Debug|Any CPU
		{e68f3143-d0e5-da73-a38a-080ce9fd1dd5}.Debug|Any CPU.ActiveCfg = Debug|Any CPU
		{e68f3143-d0e5-da73-a38a-080ce9fd1dd5}.Debug|Any CPU.Build.0 = Debug|Any CPU
		{17b4da06-580e-95e8-c269-7aa8bc717482}.Debug|Any CPU.ActiveCfg = Debug|Any CPU
		{17b4da06-580e-95e8-c269-7aa8bc717482}.Debug|Any CPU.Build.0 = Debug|Any CPU
		{1b2a96db-4b81-2717-3bbb-900bdd50cc1f}.Debug|Any CPU.ActiveCfg = Debug|Any CPU
		{1b2a96db-4b81-2717-3bbb-900bdd50cc1f}.Debug|Any CPU.Build.0 = Debug|Any CPU
		{137dd31f-ab51-4814-3cea-9913ba77a738}.Debug|Any CPU.ActiveCfg = Debug|Any CPU
		{137dd31f-ab51-4814-3cea-9913ba77a738}.Debug|Any CPU.Build.0 = Debug|Any CPU
	EndGlobalSection
	GlobalSection(SolutionProperties) = preSolution
		HideSolutionNode = FALSE
	EndGlobalSection
EndGlobal
